
Microsoft Visual Studio Solution File, Format Version 12.00
# Visual Studio 15
VisualStudioVersion = 15.0.28010.2046
MinimumVisualStudioVersion = 10.0.40219.1
Project("{FAE04EC0-301F-11D3-BF4B-00C04F79EFBC}") = "CarInsuranceMVC", "CarInsuranceMVC\CarInsuranceMVC.csproj", "{2837EBD3-EC75-4CE2-B629-5F3E3FDA8A82}"
EndProject
Global
	GlobalSection(SolutionConfigurationPlatforms) = preSolution
		Debug|Any CPU = Debug|Any CPU
		Release|Any CPU = Release|Any CPU
	EndGlobalSection
	GlobalSection(ProjectConfigurationPlatforms) = postSolution
		{2837EBD3-EC75-4CE2-B629-5F3E3FDA8A82}.Debug|Any CPU.ActiveCfg = Debug|Any CPU
		{2837EBD3-EC75-4CE2-B629-5F3E3FDA8A82}.Debug|Any CPU.Build.0 = Debug|Any CPU
		{2837EBD3-EC75-4CE2-B629-5F3E3FDA8A82}.Release|Any CPU.ActiveCfg = Release|Any CPU
		{2837EBD3-EC75-4CE2-B629-5F3E3FDA8A82}.Release|Any CPU.Build.0 = Release|Any CPU
	EndGlobalSection
	GlobalSection(SolutionProperties) = preSolution
		HideSolutionNode = FALSE
	EndGlobalSection
	GlobalSection(ExtensibilityGlobals) = postSolution
		SolutionGuid = {182E45BD-46D5-4A8D-A0E7-2E6FE3C44618}
	EndGlobalSection
EndGlobal
